dependencies:
  espressif/mdns:
    component_hash: d6665090cf41eb399c184aab6f34234251a773e052fb53ca044dcb576264c646
    source:
      service_url: https://api.components.espressif.com/
      type: service
    version: 1.2.1
  idf:
    component_hash: null
    source:
      type: idf
    version: 5.1.1
manifest_hash: fbb529d38e63f41b352622502d9e24fd00adf82d13fd1f3058558dd6dd08f04c
target: esp32s3
version: 1.0.0
