dependencies:
  espressif/mdns:
    component_hash: 2e95568e6fb1b1e5933217556db18b29affd4f706a6d90636fbb88dd32fc3e29
    source:
      service_url: https://api.components.espressif.com/
      type: service
    version: 1.0.7
  idf:
    component_hash: null
    source:
      type: idf
    version: 5.0.0
manifest_hash: 4a3aac47060151031216a99679d1c66cff7cfca2e2c4619613b86319bee04b65
target: esp32
version: 1.0.0
