Microsoft Visual Studio Solution File, Format Version 12.00
# Visual Studio 15
VisualStudioVersion = 15.0.27130.2010
MinimumVisualStudioVersion = 10.0.40219.1
Project("{FAE04EC0-301F-11D3-BF4B-00C04F79EFBC}") = "Tester.net", "Tester.net.csproj", "{DEB8C90D-1012-44CC-843B-A25468EA743B}"
EndProject
Project("{FAE04EC0-301F-11D3-BF4B-00C04F79EFBC}") = "Tester.WinForms.net", "..\Tester.WinForms.net\Tester.WinForms.net.csproj", "{E98D33BF-52D9-4F3C-98FF-E9F573DF41D4}"
EndProject
Project("{FAE04EC0-301F-11D3-BF4B-00C04F79EFBC}") = "SharedLib", "SharedLib\SharedLib.csproj", "{C5C38A04-FE43-4AE1-B7C9-E223C41B1BC9}"
EndProject
Global
	GlobalSection(SolutionConfigurationPlatforms) = preSolution
		Debug|Any CPU = Debug|Any CPU
		Debug|x86 = Debug|x86
		Release|Any CPU = Release|Any CPU
		Release|x86 = Release|x86
	EndGlobalSection
	GlobalSection(ProjectConfigurationPlatforms) = postSolution
		{DEB8C90D-1012-44CC-843B-A25468EA743B}.Debug|Any CPU.ActiveCfg = Debug|x86
		{DEB8C90D-1012-44CC-843B-A25468EA743B}.Debug|x86.ActiveCfg = Debug|x86
		{DEB8C90D-1012-44CC-843B-A25468EA743B}.Debug|x86.Build.0 = Debug|x86
		{DEB8C90D-1012-44CC-843B-A25468EA743B}.Release|Any CPU.ActiveCfg = Release|x86
		{DEB8C90D-1012-44CC-843B-A25468EA743B}.Release|x86.ActiveCfg = Release|x86
		{DEB8C90D-1012-44CC-843B-A25468EA743B}.Release|x86.Build.0 = Release|x86
		{E98D33BF-52D9-4F3C-98FF-E9F573DF41D4}.Debug|Any CPU.ActiveCfg = Debug|Any CPU
		{E98D33BF-52D9-4F3C-98FF-E9F573DF41D4}.Debug|Any CPU.Build.0 = Debug|Any CPU
		{E98D33BF-52D9-4F3C-98FF-E9F573DF41D4}.Debug|x86.ActiveCfg = Debug|Any CPU
		{E98D33BF-52D9-4F3C-98FF-E9F573DF41D4}.Debug|x86.Build.0 = Debug|Any CPU
		{E98D33BF-52D9-4F3C-98FF-E9F573DF41D4}.Release|Any CPU.ActiveCfg = Release|Any CPU
		{E98D33BF-52D9-4F3C-98FF-E9F573DF41D4}.Release|Any CPU.Build.0 = Release|Any CPU
		{E98D33BF-52D9-4F3C-98FF-E9F573DF41D4}.Release|x86.ActiveCfg = Release|Any CPU
		{E98D33BF-52D9-4F3C-98FF-E9F573DF41D4}.Release|x86.Build.0 = Release|Any CPU
		{C5C38A04-FE43-4AE1-B7C9-E223C41B1BC9}.Debug|Any CPU.ActiveCfg = Debug|Any CPU
		{C5C38A04-FE43-4AE1-B7C9-E223C41B1BC9}.Debug|Any CPU.Build.0 = Debug|Any CPU
		{C5C38A04-FE43-4AE1-B7C9-E223C41B1BC9}.Debug|x86.ActiveCfg = Debug|Any CPU
		{C5C38A04-FE43-4AE1-B7C9-E223C41B1BC9}.Debug|x86.Build.0 = Debug|Any CPU
		{C5C38A04-FE43-4AE1-B7C9-E223C41B1BC9}.Release|Any CPU.ActiveCfg = Release|Any CPU
		{C5C38A04-FE43-4AE1-B7C9-E223C41B1BC9}.Release|Any CPU.Build.0 = Release|Any CPU
		{C5C38A04-FE43-4AE1-B7C9-E223C41B1BC9}.Release|x86.ActiveCfg = Release|Any CPU
		{C5C38A04-FE43-4AE1-B7C9-E223C41B1BC9}.Release|x86.Build.0 = Release|Any CPU
	EndGlobalSection
	GlobalSection(SolutionProperties) = preSolution
		HideSolutionNode = FALSE
	EndGlobalSection
	GlobalSection(ExtensibilityGlobals) = postSolution
		SolutionGuid = {68A46943-FFDD-4E7B-BC05-96FAAF24D103}
	EndGlobalSection
EndGlobal
