
Microsoft Visual Studio Solution File, Format Version 12.00
# Visual Studio 2012
Project("{FAE04EC0-301F-11D3-BF4B-00C04F79EFBC}") = "Tester.net", "Tester.net.csproj", "{DEB8C90D-1012-44CC-843B-A25468EA743B}"
EndProject
Global
	GlobalSection(SolutionConfigurationPlatforms) = preSolution
		Debug|x86 = Debug|x86
		Release|x86 = Release|x86
	EndGlobalSection
	GlobalSection(ProjectConfigurationPlatforms) = postSolution
		{DEB8C90D-1012-44CC-843B-A25468EA743B}.Debug|x86.ActiveCfg = Debug|x86
		{DEB8C90D-1012-44CC-843B-A25468EA743B}.Debug|x86.Build.0 = Debug|x86
		{DEB8C90D-1012-44CC-843B-A25468EA743B}.Release|x86.ActiveCfg = Release|x86
		{DEB8C90D-1012-44CC-843B-A25468EA743B}.Release|x86.Build.0 = Release|x86
	EndGlobalSection
EndGlobal
